
Microsoft Visual Studio Solution File, Format Version 12.00
# Visual Studio Version 17
VisualStudioVersion = 17.4.33103.184
MinimumVisualStudioVersion = 10.0.40219.1
Project("{FAE04EC0-301F-11D3-BF4B-00C04F79EFBC}") = "PaymentIntegration", "PaymentIntegration.csproj", "{16399E60-BE8A-4217-A93F-22593F91644F}"
EndProject
Global
	GlobalSection(SolutionConfigurationPlatforms) = preSolution
		Debug|Any CPU = Debug|Any CPU
		Release|Any CPU = Release|Any CPU
	EndGlobalSection
	GlobalSection(ProjectConfigurationPlatforms) = postSolution
		{16399E60-BE8A-4217-A93F-22593F91644F}.Debug|Any CPU.ActiveCfg = Debug|Any CPU
		{16399E60-BE8A-4217-A93F-22593F91644F}.Debug|Any CPU.Build.0 = Debug|Any CPU
		{16399E60-BE8A-4217-A93F-22593F91644F}.Release|Any CPU.ActiveCfg = Release|Any CPU
		{16399E60-BE8A-4217-A93F-22593F91644F}.Release|Any CPU.Build.0 = Release|Any CPU
	EndGlobalSection
	GlobalSection(SolutionProperties) = preSolution
		HideSolutionNode = FALSE
	EndGlobalSection
	GlobalSection(ExtensibilityGlobals) = postSolution
		SolutionGuid = {4C7F9248-D8E7-4761-8BA9-E2EA21240229}
	EndGlobalSection
EndGlobal
